{
  "lockfile_version": "1",
  "packages": {
    "gh@2.50.0": {
      "last_modified": "2024-05-30T12:09:21Z",
      "resolved": "github:NixOS/nixpkgs/aa61b27554a5fc282758bf0324781e3464ef2cde#gh",
      "source": "devbox-search",
      "version": "2.50.0",
      "systems": {
        "aarch64-darwin": {
          "outputs": [
            {
              "name": "out",
              "path": "/nix/store/l55ps1jsnaqzc05nr09r7w4zb6zdk6wx-gh-2.50.0",
              "default": true
            }
          ],
          "store_path": "/nix/store/l55ps1jsnaqzc05nr09r7w4zb6zdk6wx-gh-2.50.0"
        },
        "aarch64-linux": {
          "outputs": [
            {
              "name": "out",
              "path": "/nix/store/4y99sn78r3y92ma33cmmpa66299pmiq9-gh-2.50.0",
              "default": true
            }
          ],
          "store_path": "/nix/store/4y99sn78r3y92ma33cmmpa66299pmiq9-gh-2.50.0"
        },
        "x86_64-darwin": {
          "outputs": [
            {
              "name": "out",
              "path": "/nix/store/zi5mp2902mvkndx66m8i57mqfg026b74-gh-2.50.0",
              "default": true
            }
          ],
          "store_path": "/nix/store/zi5mp2902mvkndx66m8i57mqfg026b74-gh-2.50.0"
        },
        "x86_64-linux": {
          "outputs": [
            {
              "name": "out",
              "path": "/nix/store/flq1szdy6pvm50f348ik03x8058kf0b6-gh-2.50.0",
              "default": true
            }
          ],
          "store_path": "/nix/store/flq1szdy6pvm50f348ik03x8058kf0b6-gh-2.50.0"
        }
      }
    },
    "google-cloud-sdk@478.0.0": {
      "last_modified": "2024-06-06T04:00:50Z",
      "resolved": "github:NixOS/nixpkgs/818dbe2f96df233d2041739d6079bb616d3e5597#google-cloud-sdk",
      "source": "devbox-search",
      "version": "478.0.0",
      "systems": {
        "aarch64-darwin": {
          "outputs": [
            {
              "name": "out",
              "path": "/nix/store/6vw818ni5lym496xy4d18pn2j272c5iv-google-cloud-sdk-478.0.0",
              "default": true
            }
          ],
          "store_path": "/nix/store/6vw818ni5lym496xy4d18pn2j272c5iv-google-cloud-sdk-478.0.0"
        },
        "aarch64-linux": {
          "outputs": [
            {
              "name": "out",
              "path": "/nix/store/y133y7aaq6knvxgq6w5y0ml9y16d7811-google-cloud-sdk-478.0.0",
              "default": true
            }
          ],
          "store_path": "/nix/store/y133y7aaq6knvxgq6w5y0ml9y16d7811-google-cloud-sdk-478.0.0"
        },
        "x86_64-darwin": {
          "outputs": [
            {
              "name": "out",
              "path": "/nix/store/cazzvzlwf34nnmnh2ilb2bc8b5g6jg5q-google-cloud-sdk-478.0.0",
              "default": true
            }
          ],
          "store_path": "/nix/store/cazzvzlwf34nnmnh2ilb2bc8b5g6jg5q-google-cloud-sdk-478.0.0"
        },
        "x86_64-linux": {
          "outputs": [
            {
              "name": "out",
              "path": "/nix/store/l04ghn5n5crhz7bzmkqi4ycs9770vw7j-google-cloud-sdk-478.0.0",
              "default": true
            }
          ],
          "store_path": "/nix/store/l04ghn5n5crhz7bzmkqi4ycs9770vw7j-google-cloud-sdk-478.0.0"
        }
      }
    },
    "gum@0.14.1": {
      "last_modified": "2024-05-29T10:04:41Z",
      "resolved": "github:NixOS/nixpkgs/ac82a513e55582291805d6f09d35b6d8b60637a1#gum",
      "source": "devbox-search",
      "version": "0.14.1",
      "systems": {
        "aarch64-darwin": {
          "outputs": [
            {
              "name": "out",
              "path": "/nix/store/h5z17zm21lz3qkccqh4mnkb9xsx27ds5-gum-0.14.1",
              "default": true
            }
          ],
          "store_path": "/nix/store/h5z17zm21lz3qkccqh4mnkb9xsx27ds5-gum-0.14.1"
        },
        "aarch64-linux": {
          "outputs": [
            {
              "name": "out",
              "path": "/nix/store/0f0na0sdmp64p5ynd4j1lpgx57a1jwd9-gum-0.14.1",
              "default": true
            }
          ],
          "store_path": "/nix/store/0f0na0sdmp64p5ynd4j1lpgx57a1jwd9-gum-0.14.1"
        },
        "x86_64-darwin": {
          "outputs": [
            {
              "name": "out",
              "path": "/nix/store/08rsns46wcxyqdwbaalprzcsd355vw7n-gum-0.14.1",
              "default": true
            }
          ],
          "store_path": "/nix/store/08rsns46wcxyqdwbaalprzcsd355vw7n-gum-0.14.1"
        },
        "x86_64-linux": {
          "outputs": [
            {
              "name": "out",
              "path": "/nix/store/vh7sq5jganhj305981d6w07l1x6iclq6-gum-0.14.1",
              "default": true
            }
          ],
          "store_path": "/nix/store/vh7sq5jganhj305981d6w07l1x6iclq6-gum-0.14.1"
        }
      }
    },
    "jq@1.7.1": {
      "last_modified": "2024-06-03T15:57:46Z",
      "resolved": "github:NixOS/nixpkgs/d125f0e4d85f1517b639d4a8f848175da46fcd3e#jq",
      "source": "devbox-search",
      "version": "1.7.1",
      "systems": {
        "aarch64-darwin": {
          "outputs": [
            {
              "name": "bin",
              "path": "/nix/store/68s205iqz4x1fvry7nkhg8g270v1vcy4-jq-1.7.1-bin",
              "default": true
            },
            {
              "name": "man",
              "path": "/nix/store/a5dywljs6papj8qcz9414r91f69r4y9r-jq-1.7.1-man",
              "default": true
            },
            {
              "name": "dev",
              "path": "/nix/store/13hz87fi6v8yha2i0hqs3hgjr28wh5wc-jq-1.7.1-dev"
            },
            {
              "name": "doc",
              "path": "/nix/store/ghj56yphlx06ws4wzv6370smcqy7q2j7-jq-1.7.1-doc"
            },
            {
              "name": "lib",
              "path": "/nix/store/19mhwafp54qa8di0z3rxwb692nq1hagw-jq-1.7.1-lib"
            },
            {
              "name": "out",
              "path": "/nix/store/f20hrh4qzvk2577glb7s5l114gmirngj-jq-1.7.1"
            }
          ],
          "store_path": "/nix/store/68s205iqz4x1fvry7nkhg8g270v1vcy4-jq-1.7.1-bin"
        },
        "aarch64-linux": {
          "outputs": [
            {
              "name": "bin",
              "path": "/nix/store/ndiybnyqr1ph1vjg3k12nk4563mhxppm-jq-1.7.1-bin",
              "default": true
            },
            {
              "name": "man",
              "path": "/nix/store/m6iwqw0050fw4wc9xmr5pqs3ah5ry7ax-jq-1.7.1-man",
              "default": true
            },
            {
              "name": "dev",
              "path": "/nix/store/kvrsi2isj17fm1i1q547y318pkdn8yp7-jq-1.7.1-dev"
            },
            {
              "name": "doc",
              "path": "/nix/store/bb0ah4vxmzgc0sqykmbv5fypgk9nnkw1-jq-1.7.1-doc"
            },
            {
              "name": "lib",
              "path": "/nix/store/amjqcw9ja9zd2dwm1va91in764xvpnx3-jq-1.7.1-lib"
            },
            {
              "name": "out",
              "path": "/nix/store/fwkhzdlq9xiz2rl5bkvmj772p9hvqj99-jq-1.7.1"
            }
          ],
          "store_path": "/nix/store/ndiybnyqr1ph1vjg3k12nk4563mhxppm-jq-1.7.1-bin"
        },
        "x86_64-darwin": {
          "outputs": [
            {
              "name": "bin",
              "path": "/nix/store/bpfyriz1v75s27jjp334xmz76i39jb5m-jq-1.7.1-bin",
              "default": true
            },
            {
              "name": "man",
              "path": "/nix/store/z9k3kvc4vd3nalz0zy642jwldjx8nycz-jq-1.7.1-man",
              "default": true
            },
            {
              "name": "doc",
              "path": "/nix/store/h092iqq78iqfb2i4zr9x5p6pjapm4gj0-jq-1.7.1-doc"
            },
            {
              "name": "lib",
              "path": "/nix/store/m83fjdl51389phnrm9yw81xq47b1n6nq-jq-1.7.1-lib"
            },
            {
              "name": "out",
              "path": "/nix/store/ja0jnfqjrlcvrmhd0x5v61nccdybp86g-jq-1.7.1"
            },
            {
              "name": "dev",
              "path": "/nix/store/js9gb09z8qzf0i7xaqnqkriy43d4p371-jq-1.7.1-dev"
            }
          ],
          "store_path": "/nix/store/bpfyriz1v75s27jjp334xmz76i39jb5m-jq-1.7.1-bin"
        },
        "x86_64-linux": {
          "outputs": [
            {
              "name": "bin",
              "path": "/nix/store/7y2nxi5svi3ya06jyfw7l06rxvfb1zzf-jq-1.7.1-bin",
              "default": true
            },
            {
              "name": "man",
              "path": "/nix/store/shvd454wy3lnhirj922yrzffzscci28s-jq-1.7.1-man",
              "default": true
            },
            {
              "name": "doc",
              "path": "/nix/store/5cq70lcqc2aph4q03brijk3alfh5rnmz-jq-1.7.1-doc"
            },
            {
              "name": "lib",
              "path": "/nix/store/bjf63mfkn3r6svmb4qlsy1v8bff4dwa9-jq-1.7.1-lib"
            },
            {
              "name": "out",
              "path": "/nix/store/33flg1kzjqn426gg4yfz1zkgpj9cmc4j-jq-1.7.1"
            },
            {
              "name": "dev",
              "path": "/nix/store/n5chc8i5za5jrr4biwwgx7a96p0a7aq9-jq-1.7.1-dev"
            }
          ],
          "store_path": "/nix/store/7y2nxi5svi3ya06jyfw7l06rxvfb1zzf-jq-1.7.1-bin"
        }
      }
    },
    "kind@0.23.0": {
      "last_modified": "2024-05-29T10:04:41Z",
      "resolved": "github:NixOS/nixpkgs/ac82a513e55582291805d6f09d35b6d8b60637a1#kind",
      "source": "devbox-search",
      "version": "0.23.0",
      "systems": {
        "aarch64-darwin": {
          "outputs": [
            {
              "name": "out",
              "path": "/nix/store/lg81ng5l5c7naqww8qqlmqnixvpx8xzs-kind-0.23.0",
              "default": true
            }
          ],
          "store_path": "/nix/store/lg81ng5l5c7naqww8qqlmqnixvpx8xzs-kind-0.23.0"
        },
        "aarch64-linux": {
          "outputs": [
            {
              "name": "out",
              "path": "/nix/store/jndyfwjc9hsf1rhvh0yxqsqw0hqqs8j8-kind-0.23.0",
              "default": true
            }
          ],
          "store_path": "/nix/store/jndyfwjc9hsf1rhvh0yxqsqw0hqqs8j8-kind-0.23.0"
        },
        "x86_64-darwin": {
          "outputs": [
            {
              "name": "out",
              "path": "/nix/store/q1ymfg7wsdlmp9b11kpb3pmshrdfbyjj-kind-0.23.0",
              "default": true
            }
          ],
          "store_path": "/nix/store/q1ymfg7wsdlmp9b11kpb3pmshrdfbyjj-kind-0.23.0"
        },
        "x86_64-linux": {
          "outputs": [
            {
              "name": "out",
              "path": "/nix/store/8if8dwbvyalf0cfk0vkaysvcmkva9syh-kind-0.23.0",
              "default": true
            }
          ],
          "store_path": "/nix/store/8if8dwbvyalf0cfk0vkaysvcmkva9syh-kind-0.23.0"
        }
      }
    },
    "kubectl@1.30.1": {
      "last_modified": "2024-05-22T06:18:38Z",
      "resolved": "github:NixOS/nixpkgs/3f316d2a50699a78afe5e77ca486ad553169061e#kubectl",
      "source": "devbox-search",
      "version": "1.30.1",
      "systems": {
        "aarch64-darwin": {
          "outputs": [
            {
              "name": "out",
              "path": "/nix/store/qwfjmaq9pi6b52fy0p6r5h7bz3dsrd5a-kubectl-1.30.1",
              "default": true
            },
            {
              "name": "man",
              "path": "/nix/store/4j4zh6hc4r79dkhdpvmsj08ns0sidp3q-kubectl-1.30.1-man",
              "default": true
            },
            {
              "name": "convert",
              "path": "/nix/store/52cbngv6wrmzqjmgqca1jampmyhjavp3-kubectl-1.30.1-convert"
            }
          ],
          "store_path": "/nix/store/qwfjmaq9pi6b52fy0p6r5h7bz3dsrd5a-kubectl-1.30.1"
        },
        "aarch64-linux": {
          "outputs": [
            {
              "name": "out",
              "path": "/nix/store/3yz0b2jabnag1dp849di6pr44xska4v4-kubectl-1.30.1",
              "default": true
            },
            {
              "name": "man",
              "path": "/nix/store/x959virs4416haw91i31k8wx46vvcw7n-kubectl-1.30.1-man",
              "default": true
            },
            {
              "name": "convert",
              "path": "/nix/store/cg6i708y910v3s4z2syi9hgzbvppn3rv-kubectl-1.30.1-convert"
            }
          ],
          "store_path": "/nix/store/3yz0b2jabnag1dp849di6pr44xska4v4-kubectl-1.30.1"
        },
        "x86_64-darwin": {
          "outputs": [
            {
              "name": "out",
              "path": "/nix/store/jmsb2gahggm22x0mch7avnxxplfh6skj-kubectl-1.30.1",
              "default": true
            },
            {
              "name": "man",
              "path": "/nix/store/186kmibnzsk182mi81fbxz4cq3ra43bw-kubectl-1.30.1-man",
              "default": true
            },
            {
              "name": "convert",
              "path": "/nix/store/3qz8sqvf7bjhpw7m0dr531qbr8cfyr7w-kubectl-1.30.1-convert"
            }
          ],
          "store_path": "/nix/store/jmsb2gahggm22x0mch7avnxxplfh6skj-kubectl-1.30.1"
        },
        "x86_64-linux": {
          "outputs": [
            {
              "name": "out",
              "path": "/nix/store/05k95p72niq1gh39gv1g9n0ivsgl4hiy-kubectl-1.30.1",
              "default": true
            },
            {
              "name": "man",
              "path": "/nix/store/5vr6jxqx0al48cv8ryxr003f4f4f1h65-kubectl-1.30.1-man",
              "default": true
            },
            {
              "name": "convert",
              "path": "/nix/store/5jaykj68b06p6mfhmgy6ghmy0wmm9yp5-kubectl-1.30.1-convert"
            }
          ],
          "store_path": "/nix/store/05k95p72niq1gh39gv1g9n0ivsgl4hiy-kubectl-1.30.1"
        }
      }
    },
    "stow@2.4.0": {
      "last_modified": "2024-05-22T06:18:38Z",
      "resolved": "github:NixOS/nixpkgs/3f316d2a50699a78afe5e77ca486ad553169061e#stow",
      "source": "devbox-search",
      "version": "2.4.0",
      "systems": {
        "aarch64-darwin": {
          "outputs": [
            {
              "name": "out",
              "path": "/nix/store/lj9191m1xp1fiaka26ggmzb4ggb5sdly-stow-2.4.0",
              "default": true
            }
          ],
          "store_path": "/nix/store/lj9191m1xp1fiaka26ggmzb4ggb5sdly-stow-2.4.0"
        },
        "aarch64-linux": {
          "outputs": [
            {
              "name": "out",
              "path": "/nix/store/7axcm58hs8h7ad1a3hpgbnmxxbkya1w1-stow-2.4.0",
              "default": true
            }
          ],
          "store_path": "/nix/store/7axcm58hs8h7ad1a3hpgbnmxxbkya1w1-stow-2.4.0"
        },
        "x86_64-darwin": {
          "outputs": [
            {
              "name": "out",
              "path": "/nix/store/jgxw4c8ywp0r6zlvgnqj05mrbvk9jqnj-stow-2.4.0",
              "default": true
            }
          ],
          "store_path": "/nix/store/jgxw4c8ywp0r6zlvgnqj05mrbvk9jqnj-stow-2.4.0"
        },
        "x86_64-linux": {
          "outputs": [
            {
              "name": "out",
              "path": "/nix/store/lpsajav4c3120m9mmkndyv56hzicdddm-stow-2.4.0",
              "default": true
            }
          ],
          "store_path": "/nix/store/lpsajav4c3120m9mmkndyv56hzicdddm-stow-2.4.0"
        }
      }
    },
    "teller@1.5.6": {
      "last_modified": "2024-05-22T06:18:38Z",
      "resolved": "github:NixOS/nixpkgs/3f316d2a50699a78afe5e77ca486ad553169061e#teller",
      "source": "devbox-search",
      "version": "1.5.6",
      "systems": {
        "aarch64-darwin": {
          "outputs": [
            {
              "name": "out",
              "path": "/nix/store/csinic7gd7ln27bys5m3lhr3nr0wqwc1-teller-1.5.6",
              "default": true
            }
          ],
          "store_path": "/nix/store/csinic7gd7ln27bys5m3lhr3nr0wqwc1-teller-1.5.6"
        },
        "aarch64-linux": {
          "outputs": [
            {
              "name": "out",
              "path": "/nix/store/v6zv4xvvc29l8ny86hkir7bzgafwgi4v-teller-1.5.6",
              "default": true
            }
          ],
          "store_path": "/nix/store/v6zv4xvvc29l8ny86hkir7bzgafwgi4v-teller-1.5.6"
        },
        "x86_64-darwin": {
          "outputs": [
            {
              "name": "out",
              "path": "/nix/store/q5k0fb4bwi1v64rsjy2kdlbh8h51b8kl-teller-1.5.6",
              "default": true
            }
          ],
          "store_path": "/nix/store/q5k0fb4bwi1v64rsjy2kdlbh8h51b8kl-teller-1.5.6"
        },
        "x86_64-linux": {
          "outputs": [
            {
              "name": "out",
              "path": "/nix/store/2r6xiywzp38nbw6vay8r4y6fy2wn2d27-teller-1.5.6",
              "default": true
            }
          ],
          "store_path": "/nix/store/2r6xiywzp38nbw6vay8r4y6fy2wn2d27-teller-1.5.6"
        }
      }
    },
    "yq-go@4.44.1": {
      "last_modified": "2024-05-29T10:04:41Z",
      "resolved": "github:NixOS/nixpkgs/ac82a513e55582291805d6f09d35b6d8b60637a1#yq-go",
      "source": "devbox-search",
      "version": "4.44.1",
      "systems": {
        "aarch64-darwin": {
          "outputs": [
            {
              "name": "out",
              "path": "/nix/store/0hzb7ak6grlpczn4m2f5alsr2axq5r02-yq-go-4.44.1",
              "default": true
            }
          ],
          "store_path": "/nix/store/0hzb7ak6grlpczn4m2f5alsr2axq5r02-yq-go-4.44.1"
        },
        "aarch64-linux": {
          "outputs": [
            {
              "name": "out",
              "path": "/nix/store/l8qd3js7vw3hx46w00wp184s5vn362bq-yq-go-4.44.1",
              "default": true
            }
          ],
          "store_path": "/nix/store/l8qd3js7vw3hx46w00wp184s5vn362bq-yq-go-4.44.1"
        },
        "x86_64-darwin": {
          "outputs": [
            {
              "name": "out",
              "path": "/nix/store/iidz7v5cnrx6h2bgcp6jaikn60gmpy7a-yq-go-4.44.1",
              "default": true
            }
          ],
          "store_path": "/nix/store/iidz7v5cnrx6h2bgcp6jaikn60gmpy7a-yq-go-4.44.1"
        },
        "x86_64-linux": {
          "outputs": [
            {
              "name": "out",
              "path": "/nix/store/lq5kcj0059n9ig591s32fpc1pbfjrsa4-yq-go-4.44.1",
              "default": true
            }
          ],
          "store_path": "/nix/store/lq5kcj0059n9ig591s32fpc1pbfjrsa4-yq-go-4.44.1"
        }
      }
    }
  }
}
